
Microsoft Visual Studio Solution File, Format Version 12.00
# Visual Studio Version 16
VisualStudioVersion = 16.0.29728.190
MinimumVisualStudioVersion = 10.0.40219.1
Project("{9A19103F-16F7-4668-BE54-9A1E7A4F7556}") = "P03_FootballBetting", "P03_FootballBetting\P03_FootballBetting.csproj", "{FB83D3FE-381E-47CA-8E8E-6759DCE76D62}"
EndProject
Project("{9A19103F-16F7-4668-BE54-9A1E7A4F7556}") = "P03_FootballBetting.Data", "P03_FootballBetting.Data\P03_FootballBetting.Data.csproj", "{3361241C-BF77-4966-AB5A-A9BF6F4D7B75}"
EndProject
Project("{9A19103F-16F7-4668-BE54-9A1E7A4F7556}") = "P03_FootballBetting.Models", "P03_FootballBetting.Data.Models\P03_FootballBetting.Models.csproj", "{C48747C8-2D30-4978-B688-149C8AD8EB8A}"
EndProject
Global
	GlobalSection(SolutionConfigurationPlatforms) = preSolution
		Debug|Any CPU = Debug|Any CPU
		Release|Any CPU = Release|Any CPU
	EndGlobalSection
	GlobalSection(ProjectConfigurationPlatforms) = postSolution
		{FB83D3FE-381E-47CA-8E8E-6759DCE76D62}.Debug|Any CPU.ActiveCfg = Debug|Any CPU
		{FB83D3FE-381E-47CA-8E8E-6759DCE76D62}.Debug|Any CPU.Build.0 = Debug|Any CPU
		{FB83D3FE-381E-47CA-8E8E-6759DCE76D62}.Release|Any CPU.ActiveCfg = Release|Any CPU
		{FB83D3FE-381E-47CA-8E8E-6759DCE76D62}.Release|Any CPU.Build.0 = Release|Any CPU
		{3361241C-BF77-4966-AB5A-A9BF6F4D7B75}.Debug|Any CPU.ActiveCfg = Debug|Any CPU
		{3361241C-BF77-4966-AB5A-A9BF6F4D7B75}.Debug|Any CPU.Build.0 = Debug|Any CPU
		{3361241C-BF77-4966-AB5A-A9BF6F4D7B75}.Release|Any CPU.ActiveCfg = Release|Any CPU
		{3361241C-BF77-4966-AB5A-A9BF6F4D7B75}.Release|Any CPU.Build.0 = Release|Any CPU
		{C48747C8-2D30-4978-B688-149C8AD8EB8A}.Debug|Any CPU.ActiveCfg = Debug|Any CPU
		{C48747C8-2D30-4978-B688-149C8AD8EB8A}.Debug|Any CPU.Build.0 = Debug|Any CPU
		{C48747C8-2D30-4978-B688-149C8AD8EB8A}.Release|Any CPU.ActiveCfg = Release|Any CPU
		{C48747C8-2D30-4978-B688-149C8AD8EB8A}.Release|Any CPU.Build.0 = Release|Any CPU
	EndGlobalSection
	GlobalSection(SolutionProperties) = preSolution
		HideSolutionNode = FALSE
	EndGlobalSection
	GlobalSection(ExtensibilityGlobals) = postSolution
		SolutionGuid = {D1CA0E38-2ADA-4697-B83B-1A72EE1B6984}
	EndGlobalSection
EndGlobal
